
Microsoft Visual Studio Solution File, Format Version 12.00
# Visual Studio 15
VisualStudioVersion = 15.0.28307.106
MinimumVisualStudioVersion = 10.0.40219.1
Project("{FAE04EC0-301F-11D3-BF4B-00C04F79EFBC}") = "World1", "World1\World1.csproj", "{B247824C-BD31-4BB7-AD3C-231C470BAFC8}"
EndProject
Project("{FAE04EC0-301F-11D3-BF4B-00C04F79EFBC}") = "PhUtilityAI", "..\PhUtilityAI\PhUtilityAI.csproj", "{791920B3-82BB-49E6-B96D-38F91B325A1F}"
EndProject
Global
	GlobalSection(SolutionConfigurationPlatforms) = preSolution
		Debug|Any CPU = Debug|Any CPU
		Release WindowsStore|Any CPU = Release WindowsStore|Any CPU
		Release|Any CPU = Release|Any CPU
	EndGlobalSection
	GlobalSection(ProjectConfigurationPlatforms) = postSolution
		{B247824C-BD31-4BB7-AD3C-231C470BAFC8}.Debug|Any CPU.ActiveCfg = Debug|Any CPU
		{B247824C-BD31-4BB7-AD3C-231C470BAFC8}.Debug|Any CPU.Build.0 = Debug|Any CPU
		{B247824C-BD31-4BB7-AD3C-231C470BAFC8}.Release WindowsStore|Any CPU.ActiveCfg = Release|Any CPU
		{B247824C-BD31-4BB7-AD3C-231C470BAFC8}.Release WindowsStore|Any CPU.Build.0 = Release|Any CPU
		{B247824C-BD31-4BB7-AD3C-231C470BAFC8}.Release|Any CPU.ActiveCfg = Release|Any CPU
		{B247824C-BD31-4BB7-AD3C-231C470BAFC8}.Release|Any CPU.Build.0 = Release|Any CPU
		{791920B3-82BB-49E6-B96D-38F91B325A1F}.Debug|Any CPU.ActiveCfg = Debug|Any CPU
		{791920B3-82BB-49E6-B96D-38F91B325A1F}.Debug|Any CPU.Build.0 = Debug|Any CPU
		{791920B3-82BB-49E6-B96D-38F91B325A1F}.Release WindowsStore|Any CPU.ActiveCfg = Release|Any CPU
		{791920B3-82BB-49E6-B96D-38F91B325A1F}.Release WindowsStore|Any CPU.Build.0 = Release|Any CPU
		{791920B3-82BB-49E6-B96D-38F91B325A1F}.Release|Any CPU.ActiveCfg = Release|Any CPU
		{791920B3-82BB-49E6-B96D-38F91B325A1F}.Release|Any CPU.Build.0 = Release|Any CPU
	EndGlobalSection
	GlobalSection(SolutionProperties) = preSolution
		HideSolutionNode = FALSE
	EndGlobalSection
	GlobalSection(ExtensibilityGlobals) = postSolution
		SolutionGuid = {76E00DA2-C3B7-4D9D-9EDD-7595C52F8B91}
	EndGlobalSection
EndGlobal
